# This is a Gradle generated file for dependency locking.
# Manual edits can break the build and are not advised.
# This file is expected to be part of source control.
# To regenerate this file, run: ./gradlew :dependencies --write-locks
com.ethlo.time:itu:1.7.0=testCompileClasspath
com.fasterxml.jackson.core:jackson-annotations:2.14.1=testCompileClasspath
com.fasterxml.jackson.core:jackson-core:2.14.1=testCompileClasspath
com.fasterxml.jackson.core:jackson-databind:2.14.1=testCompileClasspath
com.fasterxml.jackson.dataformat:jackson-dataformat-yaml:2.14.1=testCompileClasspath
com.fasterxml.jackson.datatype:jackson-datatype-jsr310:2.14.1=testCompileClasspath
com.fasterxml.jackson:jackson-bom:2.14.1=testCompileClasspath
com.fasterxml.uuid:java-uuid-generator:4.1.0=testCompileClasspath
com.github.cliftonlabs:json-simple:3.0.2=testCompileClasspath
com.github.docker-java:docker-java-api:3.4.2=testCompileClasspath
com.github.docker-java:docker-java-transport-zerodep:3.4.2=testCompileClasspath
com.github.docker-java:docker-java-transport:3.4.2=testCompileClasspath
com.github.java-json-tools:btf:1.3=testCompileClasspath
com.github.java-json-tools:jackson-coreutils-equivalence:1.0=testCompileClasspath
com.github.java-json-tools:jackson-coreutils:2.0=testCompileClasspath
com.github.java-json-tools:json-patch:1.13=testCompileClasspath
com.github.java-json-tools:json-schema-core:1.2.14=testCompileClasspath
com.github.java-json-tools:json-schema-validator:2.2.14=testCompileClasspath
com.github.java-json-tools:msg-simple:1.2=testCompileClasspath
com.github.java-json-tools:uri-template:0.10=testCompileClasspath
com.github.stephenc.jcip:jcip-annotations:1.0-1=testCompileClasspath
com.google.code.findbugs:jsr305:3.0.2=testCompileClasspath
com.google.errorprone:error_prone_annotations:2.11.0=testCompileClasspath
com.google.guava:failureaccess:1.0.1=testCompileClasspath
com.google.guava:guava:31.1-jre=testCompileClasspath
com.google.guava:listenablefuture:9999.0-empty-to-avoid-conflict-with-guava=testCompileClasspath
com.google.j2objc:j2objc-annotations:1.3=testCompileClasspath
com.google.protobuf:protobuf-java:3.25.8=testCompileClasspath
com.googlecode.libphonenumber:libphonenumber:8.11.1=testCompileClasspath
com.jayway.jsonpath:json-path:2.7.0=testCompileClasspath
com.jcraft:jzlib:1.1.3=testCompileClasspath
com.lmax:disruptor:3.4.4=testCompileClasspath
com.networknt:json-schema-validator:1.0.76=testCompileClasspath
com.nimbusds:nimbus-jose-jwt:9.28=testCompileClasspath
com.samskivert:jmustache:1.15=testCompileClasspath
com.sonarsource.sonarcloud.core:db-migrations-task:8.0.0.106333=testCompileClasspath
com.sonarsource.sonarcloud.core:dynamodb-local-initializer:8.0.0.106333=testCompileClasspath
com.sonarsource.sonarcloud:quality-gates-client:8.0.0.106333=testCompileClasspath
com.sonarsource.sonarcloud:sonar-orchestrator:8.0.0.106333=testCompileClasspath
com.sonarsource.sonarcloud:sonar-ws:8.0.0.106333=testCompileClasspath
com.sonarsource.sonarcloud:users-client:8.0.0.106333=testCompileClasspath
com.sun.activation:jakarta.activation:2.0.1=testCompileClasspath
com.sun.mail:mailapi:1.6.2=testCompileClasspath
commons-beanutils:commons-beanutils:1.9.4=testCompileClasspath
commons-codec:commons-codec:1.15=testCompileClasspath
commons-collections:commons-collections:3.2.2=testCompileClasspath
commons-io:commons-io:2.11.0=testCompileClasspath
commons-logging:commons-logging:1.2=testCompileClasspath
io.github.classgraph:classgraph:4.8.154=testCompileClasspath
io.netty:netty-buffer:4.1.86.Final=testCompileClasspath
io.netty:netty-codec-http2:4.1.86.Final=testCompileClasspath
io.netty:netty-codec-http:4.1.86.Final=testCompileClasspath
io.netty:netty-codec-socks:4.1.86.Final=testCompileClasspath
io.netty:netty-codec:4.1.86.Final=testCompileClasspath
io.netty:netty-common:4.1.86.Final=testCompileClasspath
io.netty:netty-handler-proxy:4.1.86.Final=testCompileClasspath
io.netty:netty-handler:4.1.86.Final=testCompileClasspath
io.netty:netty-resolver:4.1.86.Final=testCompileClasspath
io.netty:netty-tcnative-boringssl-static:2.0.56.Final=testCompileClasspath
io.netty:netty-tcnative-classes:2.0.56.Final=testCompileClasspath
io.netty:netty-transport-native-unix-common:4.1.86.Final=testCompileClasspath
io.netty:netty-transport:4.1.86.Final=testCompileClasspath
io.prometheus:simpleclient:0.16.0=testCompileClasspath
io.prometheus:simpleclient_common:0.16.0=testCompileClasspath
io.prometheus:simpleclient_httpserver:0.16.0=testCompileClasspath
io.prometheus:simpleclient_tracer_common:0.16.0=testCompileClasspath
io.prometheus:simpleclient_tracer_otel:0.16.0=testCompileClasspath
io.prometheus:simpleclient_tracer_otel_agent:0.16.0=testCompileClasspath
io.swagger.core.v3:swagger-annotations:2.2.8=testCompileClasspath
io.swagger.core.v3:swagger-core:2.2.8=testCompileClasspath
io.swagger.core.v3:swagger-models:2.2.8=testCompileClasspath
io.swagger.parser.v3:swagger-parser-core:2.1.10=testCompileClasspath
io.swagger.parser.v3:swagger-parser-v2-converter:2.1.10=testCompileClasspath
io.swagger.parser.v3:swagger-parser-v3:2.1.10=testCompileClasspath
io.swagger.parser.v3:swagger-parser:2.1.10=testCompileClasspath
io.swagger:swagger-annotations:1.6.9=testCompileClasspath
io.swagger:swagger-compat-spec-parser:1.0.64=testCompileClasspath
io.swagger:swagger-core:1.6.9=testCompileClasspath
io.swagger:swagger-models:1.6.9=testCompileClasspath
io.swagger:swagger-parser:1.0.64=testCompileClasspath
jakarta.validation:jakarta.validation-api:2.0.2=testCompileClasspath
jakarta.xml.bind:jakarta.xml.bind-api:3.0.1=testCompileClasspath
javax.servlet:javax.servlet-api:4.0.1=testCompileClasspath
joda-time:joda-time:2.10.5=testCompileClasspath
junit:junit:4.13.2=testCompileClasspath
net.java.dev.jna:jna:5.13.0=testCompileClasspath
net.javacrumbs.json-unit:json-unit-core:2.36.0=testCompileClasspath
net.minidev:accessors-smart:2.4.7=testCompileClasspath
net.minidev:json-smart:2.4.7=testCompileClasspath
net.sf.jopt-simple:jopt-simple:5.0.4=testCompileClasspath
org.apache.commons:commons-compress:1.24.0=testCompileClasspath
org.apache.commons:commons-digester3:3.2=testCompileClasspath
org.apache.commons:commons-lang3:3.12.0=testCompileClasspath
org.apache.commons:commons-text:1.10.0=testCompileClasspath
org.apache.httpcomponents:httpclient:4.5.13=testCompileClasspath
org.apache.httpcomponents:httpcore:4.4.13=testCompileClasspath
org.apache.velocity.tools:velocity-tools-generic:3.1=testCompileClasspath
org.apache.velocity:velocity-engine-core:2.3=testCompileClasspath
org.apache.velocity:velocity-engine-scripting:2.3=testCompileClasspath
org.awaitility:awaitility:4.2.2=testCompileClasspath
org.bouncycastle:bcpkix-jdk18on:1.72=testCompileClasspath
org.bouncycastle:bcprov-jdk18on:1.72=testCompileClasspath
org.bouncycastle:bcutil-jdk18on:1.72=testCompileClasspath
org.checkerframework:checker-qual:3.12.0=testCompileClasspath
org.hamcrest:hamcrest-core:2.2=testCompileClasspath
org.hamcrest:hamcrest:2.2=testCompileClasspath
org.jetbrains:annotations:17.0.0=testCompileClasspath
org.mock-server:mockserver-client-java:5.15.0=testCompileClasspath
org.mock-server:mockserver-core:5.15.0=testCompileClasspath
org.mock-server:mockserver-netty:5.15.0=testCompileClasspath
org.mozilla:rhino:1.7.7.2=testCompileClasspath
org.ow2.asm:asm:9.1=testCompileClasspath
org.rnorth.duct-tape:duct-tape:1.0.8=testCompileClasspath
org.slf4j:slf4j-api:2.0.6=testCompileClasspath
org.testcontainers:database-commons:1.21.4=testCompileClasspath
org.testcontainers:jdbc:1.21.4=testCompileClasspath
org.testcontainers:postgresql:1.21.4=testCompileClasspath
org.testcontainers:testcontainers:1.21.4=testCompileClasspath
org.wiremock:wiremock-standalone:3.5.2=testCompileClasspath
org.xmlunit:xmlunit-core:2.9.1=testCompileClasspath
org.xmlunit:xmlunit-placeholders:2.9.1=testCompileClasspath
org.yaml:snakeyaml:1.33=testCompileClasspath
empty=testAnnotationProcessor
